version = 1
revision = 3
requires-python = "==3.12.*"

[[package]]
name = "dora-openarm-data-collection"
version = "0.1.0"
source = { virtual = "." }
dependencies = [
    { name = "dora-rs-cli" },
]

[package.metadata]
requires-dist = [{ name = "dora-rs-cli", specifier = "==1.0.1" }]

[[package]]
name = "dora-rs"
version = "1.0.1"
source = { registry = "https://pypi.org/simple" }
dependencies = [
    { name = "numpy" },
    { name = "pyarrow" },
    { name = "pyyaml" },
]
sdist = { url = "https://files.pythonhosted.org/packages/dd/fc/9dd2e1cc4da1caf46496353da6c12f7b7c90512186d828f1d587dc6deddc/dora_rs-1.0.1.tar.gz", hash = "sha256:8cef7fa133d93e7ca46581a9efef6b45b5768cecef5ee6b9e22632978b8fe8a2", size = 1690155, upload-time = "2026-09-03T12:21:54.217Z" }
wheels = [
    { url = "https://files.pythonhosted.org/packages/28/8b/2040480f8393da850f544347a389dab6bf99c84131da9cb5a2273829a76f/dora_rs-1.0.1-cp311-abi3-macosx_11_0_arm64.whl", hash = "sha256:56fb3daf26a978e6f535b0d6b04ac3abd362aff62de6771cd74c2dee06207cb8", size = 24759810, upload-time = "2026-09-03T12:21:42.346Z" },
    { url = "https://files.pythonhosted.org/packages/b9/4c/c563464b74cd31d801fe37c693751005717c80834210c1fa61cb44d7bd34/dora_rs-1.0.1-cp311-abi3-manylinux_2_28_aarch64.whl", hash = "sha256:61fd33ba5a5cfa01ba4aed4c75bda490b5ad0e5d7180bde7b075d17e0c782486", size = 24061908, upload-time = "2026-09-03T12:21:29.714Z" },
    { url = "https://files.pythonhosted.org/packages/da/20/125f14f222c2eab928b23d310eeed61c93e9805d30575d21f05df285fb84/dora_rs-1.0.1-cp311-abi3-manylinux_2_28_armv7l.whl", hash = "sha256:6b0075de47b8310bf3801f2ce70b13b6925ebe1c8a7b04c9084bcd11688506ea", size = 22804362, upload-time = "2026-09-03T12:21:32.351Z" },
    { url = "https://files.pythonhosted.org/packages/cb/1b/98e0ce52006fbd6d91f33037c5a76ab12edf8c74a01062af39c4dab4c403/dora_rs-1.0.1-cp311-abi3-manylinux_2_28_i686.whl", hash = "sha256:7f1377dda91435ca9d69ecce88a621052c172c2eb07f9c0aa0c1634d6bbfc057", size = 25245130, upload-time = "2026-09-03T12:21:37.702Z" },
    { url = "https://files.pythonhosted.org/packages/b8/80/f931008dec0806d3446de9d762cb2f16883530857e0941d36449b554b84b/dora_rs-1.0.1-cp311-abi3-manylinux_2_28_x86_64.whl", hash = "sha256:a28d634659a23dc8df9fbd40ad093f712e202821060f949f3dba5af8f7f36377", size = 24887127, upload-time = "2026-09-03T12:21:39.886Z" },
    { url = "https://files.pythonhosted.org/packages/cf/43/01a610cb1f696410698ffb9a6e6d5f2dd3c6ae22ad63aed366c00136b3ae/dora_rs-1.0.1-cp311-abi3-musllinux_1_2_aarch64.whl", hash = "sha256:3255d040778b44542f3d03288268a22f85253db45099d60d33776b7ef92ac1c6", size = 29797596, upload-time = "2026-09-03T12:21:44.594Z" },
    { url = "https://files.pythonhosted.org/packages/b5/f5/6668702f8a107c2a701bc8368d14c18d1d36b620c8c7cbc5ac2d83c58cf7/dora_rs-1.0.1-cp311-abi3-musllinux_1_2_armv7l.whl", hash = "sha256:0febdd43c0c0b511c60def3691d83d69a54ed8543207af3bb238989f7a1f5c0b", size = 28151873, upload-time = "2026-09-03T12:21:46.781Z" },
    { url = "https://files.pythonhosted.org/packages/06/51/0141e6fe69a7444115d0e9e56bbed234cd86035d3d5588f61d56e0778a61/dora_rs-1.0.1-cp311-abi3-musllinux_1_2_i686.whl", hash = "sha256:f774a046e6d869b4e40b9c9fea5d1a46175c3d83179b44d1f3310c788562b72e", size = 29301986, upload-time = "2026-09-03T12:21:49.576Z" },
    { url = "https://files.pythonhosted.org/packages/04/b2/5032b628e1e46ef76180860a6f14e32b940d2979971e931630c6e10e3316/dora_rs-1.0.1-cp311-abi3-musllinux_1_2_x86_64.whl", hash = "sha256:d8c8affc29e401558ac83136055750b9de10ac3d3a98855b59866b0c08260dfa", size = 29999168, upload-time = "2026-09-03T12:21:51.803Z" },
    { url = "https://files.pythonhosted.org/packages/e9/3b/bb7c131dd2778909f4ec4d3e0151a7fa342a38ea8fa3ca64d2ef87d93f2f/dora_rs-1.0.1-cp311-abi3-win_amd64.whl", hash = "sha256:fbca33bf87e77fb9532e3bbeff023adb0e9b8e713d6f9106f114e0b0408666f5", size = 22396575, upload-time = "2026-09-03T12:21:55.601Z" },
]

[[package]]
name = "dora-rs-cli"
version = "1.0.1"
source = { registry = "https://pypi.org/simple" }
dependencies = [
    { name = "dora-rs" },
    { name = "uv" },
]
sdist = { url = "https://files.pythonhosted.org/packages/03/da/1180bc1264e5655de05ef955d6ed12be0db92442aebba8a387a5bc29c99c/dora_rs_cli-1.0.1.tar.gz", hash = "sha256:aa541c177fdc0efefb81a38dd0c46ffb515138160c48508af57d6424cbdac7c4", size = 1446908, upload-time = "2026-09-03T12:22:00.964Z" }
wheels = [
    { url = "https://files.pythonhosted.org/packages/1a/b2/79e5be6c920eb2227ef38c72241f912d30eba4487b9c3b1dc9b18d7fd8c7/dora_rs_cli-1.0.1-cp311-abi3-macosx_11_0_arm64.whl", hash = "sha256:82f73998b366e6ba793529685202b42b03eeff530b47fa5cece518b8481b4c3c", size = 27960556, upload-time = "2026-09-03T12:21:46.47Z" },
    { url = "https://files.pythonhosted.org/packages/9d/67/9fd63dc371cca0dc14666e300c8c4fb35161cc0b98465ba9aee9a7f0eaa8/dora_rs_cli-1.0.1-cp311-abi3-manylinux_2_28_aarch64.whl", hash = "sha256:8d6c7a4a92392d5b28ad614b83eedfc9bf710e2f7832972a223156bda12995f3", size = 26810209, upload-time = "2026-09-03T12:21:34.969Z" },
    { url = "https://files.pythonhosted.org/packages/4e/9f/ee547bdcdeefdff3e2499df8ec7cbf01a22ae52ef1f0f77cf2210ac57143/dora_rs_cli-1.0.1-cp311-abi3-manylinux_2_28_armv7l.whl", hash = "sha256:da0ffdb73ea3b6f6e8923f1ed300bda6dfa13991ba26ae933e4924fe5e01091d", size = 25863565, upload-time = "2026-09-03T12:21:38.074Z" },
    { url = "https://files.pythonhosted.org/packages/65/5f/88db0c900f067b9b11a177c60beccc9ff872c526de74933b8fd53df442de/dora_rs_cli-1.0.1-cp311-abi3-manylinux_2_28_i686.whl", hash = "sha256:4b5d23334a6c5174d8fb4833bad2f01c31c14fc81cedbcf840c26f3192620b68", size = 28562774, upload-time = "2026-09-03T12:21:40.779Z" },
    { url = "https://files.pythonhosted.org/packages/f9/42/85ac41f723577a26fd29422c3a8fc556d45f691b04b66dac57c09ee9ece1/dora_rs_cli-1.0.1-cp311-abi3-manylinux_2_28_x86_64.whl", hash = "sha256:5ca4b3f2a288de4f56855b21a1c4743822b3c1d8f5a58d32a575d02c6d3cbb57", size = 27859769, upload-time = "2026-09-03T12:21:43.386Z" },
    { url = "https://files.pythonhosted.org/packages/44/71/ff2c488e01d9a3ffc369d255151581e657bffe01a51b41fb88e81376e823/dora_rs_cli-1.0.1-cp311-abi3-musllinux_1_2_aarch64.whl", hash = "sha256:0e2c7fe71803e7a2b8e14770239add92cd9232f20eff45b4aa3829df0c48cdcb", size = 33077054, upload-time = "2026-09-03T12:21:49.537Z" },
    { url = "https://files.pythonhosted.org/packages/6a/52/60f788c5254fc18e1b8c8ab7a865b3cb85d032e6eb66819fe2ea1ba23abe/dora_rs_cli-1.0.1-cp311-abi3-musllinux_1_2_armv7l.whl", hash = "sha256:a033118e5eb298ebeec216b7e6fb2a5c5ee4e2ac4f2ac7cbaeadd6a36119beb1", size = 31742109, upload-time = "2026-09-03T12:21:52.834Z" },
    { url = "https://files.pythonhosted.org/packages/6c/bd/73dc0182c76175529908a7432a2350653a35da68c980a355a6b58634d266/dora_rs_cli-1.0.1-cp311-abi3-musllinux_1_2_i686.whl", hash = "sha256:d7d0bde2a91c80ca660a1cdadccb58a5d455b0714db2e748c9338ab10fd3e1c9", size = 32903929, upload-time = "2026-09-03T12:21:55.766Z" },
    { url = "https://files.pythonhosted.org/packages/f5/c3/2a198a1f132df32e540a69635823f843b6a220e8f0623c808d510a55091f/dora_rs_cli-1.0.1-cp311-abi3-musllinux_1_2_x86_64.whl", hash = "sha256:a2c03cad0874c031f5e123046420625d482e69c318e8cb1b017f875e47c8cf6e", size = 33402787, upload-time = "2026-09-03T12:21:58.586Z" },
    { url = "https://files.pythonhosted.org/packages/32/3f/0aae5ec7ee8887d7e17776bb6f1ace6cf887afbd2262da614472884c802e/dora_rs_cli-1.0.1-cp311-abi3-win_amd64.whl", hash = "sha256:339d5c29a189756aa9842e43453a80f9d4f6cad08b0f2f59ff206867ef4b3422", size = 25696519, upload-time = "2026-09-03T12:22:02.906Z" },
]

[[package]]
name = "numpy"
version = "2.5.3"
source = { registry = "https://pypi.org/simple" }
sdist = { url = "https://files.pythonhosted.org/packages/13/01/11703282db468b85f6f7b8c7f22d058de5970d5c7e60a3a8aaa313c3de36/numpy-2.5.3.tar.gz", hash = "sha256:df2d5874ff183595a4ba404edd04f6bd9b5505c1d7708573f6a6c17489a67563", size = 20791231, upload-time = "2026-09-06T16:27:47.073Z" }
wheels = [
    { url = "https://files.pythonhosted.org/packages/d6/50/8fdbb16af64895706a45f06a4068e29db732ec180f3c1375f14123359138/numpy-2.5.3-cp312-cp312-macosx_10_13_x86_64.whl", hash = "sha256:cb189f09db39283b26bfd061ec16189e14f71c6755207f72a0f7540867afe5b9", size = 16994982, upload-time = "2026-09-06T16:24:29.244Z" },
    { url = "https://files.pythonhosted.org/packages/60/39/789131c1188c078dcb3a1692e72e1e050c68b88ffe72c9ccaac9bcd7a9cd/numpy-2.5.3-cp312-cp312-macosx_11_0_arm64.whl", hash = "sha256:f59a878c33d6b88122d80d239bb3b845d58708750b0cb06a09aebb9b18ec696c", size = 12009327, upload-time = "2026-09-06T16:24:32.491Z" },
    { url = "https://files.pythonhosted.org/packages/9c/59/a312e95696e5f601914dd8b6dd844692ba61670807417e24b68e337b5c70/numpy-2.5.3-cp312-cp312-macosx_14_0_arm64.whl", hash = "sha256:a72f874bc9e10e4b8f80426fb49716d5141f64442a0c8418065093ec8017fbb0", size = 5445405, upload-time = "2026-09-06T16:24:35.071Z" },
    { url = "https://files.pythonhosted.org/packages/30/d0/5623a1707ed4fe16e3909fe3cf5ee3da004ae677ad23d83bbf3adf1a6faf/numpy-2.5.3-cp312-cp312-macosx_14_0_x86_64.whl", hash = "sha256:fc36dc566135b5eceec4cf89758fcb719266a019ef07dae1754ae7c9f617ef3e", size = 6783213, upload-time = "2026-09-06T16:24:37.253Z" },
    { url = "https://files.pythonhosted.org/packages/f1/32/84146fc020ad3c25f805f70ab60da46fe3c540a21369754a7e4369754b6f/numpy-2.5.3-cp312-cp312-manylinux_2_27_aarch64.manylinux_2_28_aarch64.whl", hash = "sha256:76c2c1e6bfa5c84adc6434dfbf013aa92096a7985221762c8f11fedfd20fff58", size = 15687872, upload-time = "2026-09-06T16:24:39.751Z" },
    { url = "https://files.pythonhosted.org/packages/65/af/aa78d1a88805456e212b65461354cd943197fb9acecc4c90fd12295123a3/numpy-2.5.3-cp312-cp312-manylinux_2_27_x86_64.manylinux_2_28_x86_64.whl", hash = "sha256:b7e18c623bb5c95acb3b3328861272816ba199fb531921c5d6d0b675f1fde9e3", size = 16717410, upload-time = "2026-09-06T16:24:42.745Z" },
    { url = "https://files.pythonhosted.org/packages/3b/24/faa79d865e69a97ba17473b23a1b74094b2259c03e820c70297293b9ea49/numpy-2.5.3-cp312-cp312-musllinux_1_2_aarch64.whl", hash = "sha256:4f8929ee6c96bfbd7b4ed2032e0c03af86fe1826740ab61ddabf9072d06e57ff", size = 17040975, upload-time = "2026-09-06T16:24:45.961Z" },
    { url = "https://files.pythonhosted.org/packages/62/4a/8877e629445a7176297dffcaf9c485faa96a95d81728a62521ad55bd4c0f/numpy-2.5.3-cp312-cp312-musllinux_1_2_x86_64.whl", hash = "sha256:b5d93cf48f687479941d12b69c873ad2cc76bbd487f0091c2200636497f34034", size = 18476479, upload-time = "2026-09-06T16:24:49.35Z" },
    { url = "https://files.pythonhosted.org/packages/c8/db/35e1c2d38b04cbd5b731f9d71495e055e813197669d22b612f11748d2ff9/numpy-2.5.3-cp312-cp312-win32.whl", hash = "sha256:bf63afbe037eb5d2fe87fbcc7778e61da53ebaf21d938a4515aa73b62532a5d4", size = 6133378, upload-time = "2026-09-06T16:24:51.915Z" },
    { url = "https://files.pythonhosted.org/packages/3c/a1/accf6d4f0c80c5d9ba9735d6b1550e444180599f34dec69ca01360f717ad/numpy-2.5.3-cp312-cp312-win_amd64.whl", hash = "sha256:0a59a421a32580a009e8a1751345bf829631b990dc1794b80514ab722b435def", size = 12567828, upload-time = "2026-09-06T16:24:54.255Z" },
    { url = "https://files.pythonhosted.org/packages/22/43/1764aff32e4652526ae2f71fa8b3efd8d25c8a3d6926914454e47138ed1e/numpy-2.5.3-cp312-cp312-win_arm64.whl", hash = "sha256:ccb32e0525d29e8b0572eb84c9a57af0e7a4e615726927506f55063c62414034", size = 10485432, upload-time = "2026-09-06T16:24:57.278Z" },
]

[[package]]
name = "pyarrow"
version = "25.0.1"
source = { registry = "https://pypi.org/simple" }
sdist = { url = "https://files.pythonhosted.org/packages/3d/e3/27f57f80141379d60defe6703eb50a707325706f07fedfd1312c7a751995/pyarrow-25.0.1.tar.gz", hash = "sha256:9150a83248bfed9813ea3c3af74c3856c1984d444aa28e58bf7733b9750ddf6a", size = 1201653, upload-time = "2026-08-10T12:40:53.904Z" }
wheels = [
    { url = "https://files.pythonhosted.org/packages/a6/e2/9ab15b88cbfac28e16419ce5439ec29234c5172cb8259301b4ba639bdec0/pyarrow-25.0.1-cp312-cp312-macosx_12_0_arm64.whl", hash = "sha256:df961f2e7ae9cf496459259d798652c70625f6c080650d6952f8c04053c58ee9", size = 35861559, upload-time = "2026-08-10T12:38:02.567Z" },
    { url = "https://files.pythonhosted.org/packages/58/79/a0036dbe1eabe1f73127427342f1d99982584c4a2cde2651d6c93499c6f6/pyarrow-25.0.1-cp312-cp312-macosx_12_0_x86_64.whl", hash = "sha256:cc4aa407fde9fc660be3939e49ea31f50f3e9fec17c0ec63159f7711edd3efc9", size = 37628383, upload-time = "2026-08-10T12:38:09.083Z" },
    { url = "https://files.pythonhosted.org/packages/13/49/d93a57d375f4bf0cf82913dd6bb54acafde83dd993be2282c81ac5616cad/pyarrow-25.0.1-cp312-cp312-manylinux_2_28_aarch64.whl", hash = "sha256:4340f0ba6c1d2e13f21658de1d7c662ca2545018568d0030a1e9afca159d87e3", size = 46820190, upload-time = "2026-08-10T12:38:15.458Z" },
    { url = "https://files.pythonhosted.org/packages/60/c9/711ca85d79f1ec98f29a5eae2b051e25b4ecec5de3e3c0e2d5c5dcb15664/pyarrow-25.0.1-cp312-cp312-manylinux_2_28_x86_64.whl", hash = "sha256:5389cdf79447ed1515c9e31620e6e1e2302249564d603f2ad727d4f6d313e4c3", size = 50102437, upload-time = "2026-08-10T12:38:22.487Z" },
    { url = "https://files.pythonhosted.org/packages/80/53/8fb8359ff17cfb6263a1cf3ebf7caec9fe197de118719e84fcb1d0618026/pyarrow-25.0.1-cp312-cp312-musllinux_1_2_aarch64.whl", hash = "sha256:d51592cb7561e87877c506113e7adbf1342ab579e6c21f0ef44b8ba41cb74c80", size = 49942424, upload-time = "2026-08-10T12:38:28.755Z" },
    { url = "https://files.pythonhosted.org/packages/e8/83/4e5ae02a9341571b18a6fca380ac7a58ce6ddae7ab3c060208c0a1e79f02/pyarrow-25.0.1-cp312-cp312-musllinux_1_2_x86_64.whl", hash = "sha256:6109c94d8b9f3b17a041daca16cacb2f651ad8f1ef70a4232c2c0f37a23da2a8", size = 53144206, upload-time = "2026-08-10T12:38:34.862Z" },
    { url = "https://files.pythonhosted.org/packages/65/ee/197cbf47e49f83e6ebeb946a5259a48a638dea27ac774db42fe78022179d/pyarrow-25.0.1-cp312-cp312-win_amd64.whl", hash = "sha256:8858d7bfc22e3f51529aeaa4077225029724623e4595dc9eff8c793935c34140", size = 27953934, upload-time = "2026-08-10T12:38:39.808Z" },
]

[[package]]
name = "pyyaml"
version = "6.0.3"
source = { registry = "https://pypi.org/simple" }
sdist = { url = "https://files.pythonhosted.org/packages/05/8e/961c0007c59b8dd7729d542c61a4d537767a59645b82a0b521206e1e25c2/pyyaml-6.0.3.tar.gz", hash = "sha256:d76623373421df22fb4cf8817020cbb7ef15c725b9d5e45f17e189bfc384190f", size = 130960, upload-time = "2025-09-25T21:33:16.546Z" }
wheels = [
    { url = "https://files.pythonhosted.org/packages/d1/33/422b98d2195232ca1826284a76852ad5a86fe23e31b009c9886b2d0fb8b2/pyyaml-6.0.3-cp312-cp312-macosx_10_13_x86_64.whl", hash = "sha256:7f047e29dcae44602496db43be01ad42fc6f1cc0d8cd6c83d342306c32270196", size = 182063, upload-time = "2025-09-25T21:32:11.445Z" },
    { url = "https://files.pythonhosted.org/packages/89/a0/6cf41a19a1f2f3feab0e9c0b74134aa2ce6849093d5517a0c550fe37a648/pyyaml-6.0.3-cp312-cp312-macosx_11_0_arm64.whl", hash = "sha256:fc09d0aa354569bc501d4e787133afc08552722d3ab34836a80547331bb5d4a0", size = 173973, upload-time = "2025-09-25T21:32:12.492Z" },
    { url = "https://files.pythonhosted.org/packages/ed/23/7a778b6bd0b9a8039df8b1b1d80e2e2ad78aa04171592c8a5c43a56a6af4/pyyaml-6.0.3-cp312-cp312-manylinux2014_aarch64.manylinux_2_17_aarch64.manylinux_2_28_aarch64.whl", hash = "sha256:9149cad251584d5fb4981be1ecde53a1ca46c891a79788c0df828d2f166bda28", size = 775116, upload-time = "2025-09-25T21:32:13.652Z" },
    { url = "https://files.pythonhosted.org/packages/65/30/d7353c338e12baef4ecc1b09e877c1970bd3382789c159b4f89d6a70dc09/pyyaml-6.0.3-cp312-cp312-manylinux2014_s390x.manylinux_2_17_s390x.manylinux_2_28_s390x.whl", hash = "sha256:5fdec68f91a0c6739b380c83b951e2c72ac0197ace422360e6d5a959d8d97b2c", size = 844011, upload-time = "2025-09-25T21:32:15.21Z" },
    { url = "https://files.pythonhosted.org/packages/8b/9d/b3589d3877982d4f2329302ef98a8026e7f4443c765c46cfecc8858c6b4b/pyyaml-6.0.3-cp312-cp312-manylinux2014_x86_64.manylinux_2_17_x86_64.manylinux_2_28_x86_64.whl", hash = "sha256:ba1cc08a7ccde2d2ec775841541641e4548226580ab850948cbfda66a1befcdc", size = 807870, upload-time = "2025-09-25T21:32:16.431Z" },
    { url = "https://files.pythonhosted.org/packages/05/c0/b3be26a015601b822b97d9149ff8cb5ead58c66f981e04fedf4e762f4bd4/pyyaml-6.0.3-cp312-cp312-musllinux_1_2_aarch64.whl", hash = "sha256:8dc52c23056b9ddd46818a57b78404882310fb473d63f17b07d5c40421e47f8e", size = 761089, upload-time = "2025-09-25T21:32:17.56Z" },
    { url = "https://files.pythonhosted.org/packages/be/8e/98435a21d1d4b46590d5459a22d88128103f8da4c2d4cb8f14f2a96504e1/pyyaml-6.0.3-cp312-cp312-musllinux_1_2_x86_64.whl", hash = "sha256:41715c910c881bc081f1e8872880d3c650acf13dfa8214bad49ed4cede7c34ea", size = 790181, upload-time = "2025-09-25T21:32:18.834Z" },
    { url = "https://files.pythonhosted.org/packages/74/93/7baea19427dcfbe1e5a372d81473250b379f04b1bd3c4c5ff825e2327202/pyyaml-6.0.3-cp312-cp312-win32.whl", hash = "sha256:96b533f0e99f6579b3d4d4995707cf36df9100d67e0c8303a0c55b27b5f99bc5", size = 137658, upload-time = "2025-09-25T21:32:20.209Z" },
    { url = "https://files.pythonhosted.org/packages/86/bf/899e81e4cce32febab4fb42bb97dcdf66bc135272882d1987881a4b519e9/pyyaml-6.0.3-cp312-cp312-win_amd64.whl", hash = "sha256:5fcd34e47f6e0b794d17de1b4ff496c00986e1c83f7ab2fb8fcfe9616ff7477b", size = 154003, upload-time = "2025-09-25T21:32:21.167Z" },
    { url = "https://files.pythonhosted.org/packages/1a/08/67bd04656199bbb51dbed1439b7f27601dfb576fb864099c7ef0c3e55531/pyyaml-6.0.3-cp312-cp312-win_arm64.whl", hash = "sha256:64386e5e707d03a7e172c0701abfb7e10f0fb753ee1d773128192742712a98fd", size = 140344, upload-time = "2025-09-25T21:32:22.617Z" },
]

[[package]]
name = "uv"
version = "0.12.15"
source = { registry = "https://pypi.org/simple" }
sdist = { url = "https://files.pythonhosted.org/packages/db/02/15fddc6cae927d0e44dfc107fcd81682ea3864d87a78c168bbdd440fd805/uv-0.12.15.tar.gz", hash = "sha256:5eef1c0d2e0ae26cbe1daa49de855b09dfb63a45eaf1fe63dea2827249eadc05", size = 7016185, upload-time = "2026-09-15T12:07:45.915Z" }
wheels = [
    { url = "https://files.pythonhosted.org/packages/fa/d6/222dcbce2419cf4c198b83e35cd215b796a9cb38cbc0f54dd16bb25f9f98/uv-0.12.15-py3-none-linux_armv6l.whl", hash = "sha256:7a1c9edcd333e7c78f635f000fe50e5aa3b3b8774004f5c66bb034110ce8755c", size = 22189974, upload-time = "2026-09-15T12:07:02.367Z" },
    { url = "https://files.pythonhosted.org/packages/18/73/b01ea8bbab093efb573fad02bed6d5c00a4ea0edccc4d2faa5303854dbda/uv-0.12.15-py3-none-macosx_10_12_x86_64.whl", hash = "sha256:a1499a507461774f222114732f145d50579e75a3fab0d91ee680c0ed04322552", size = 20490659, upload-time = "2026-09-15T12:07:05.346Z" },
    { url = "https://files.pythonhosted.org/packages/84/62/82e86e03e111463ab224c132c0f0e6b649d98d22710b177fbc000d379103/uv-0.12.15-py3-none-macosx_11_0_arm64.whl", hash = "sha256:03b2c763f8b3c5595fa103221bc667e3af0146f8cb327aa06630ebcf5cfe16e9", size = 16801224, upload-time = "2026-09-15T12:07:07.611Z" },
    { url = "https://files.pythonhosted.org/packages/49/1a/eb1f5f38b09f9aa6d31cfc8d29ca919ee3d8368dd6ba01883a1f9dda7259/uv-0.12.15-py3-none-manylinux_2_17_aarch64.manylinux2014_aarch64.musllinux_1_1_aarch64.whl", hash = "sha256:a673bc39e677eaa012f618cab2e6e99fb82919f37ea45043fca530e9ca94c082", size = 21641142, upload-time = "2026-09-15T12:07:10.051Z" },
    { url = "https://files.pythonhosted.org/packages/51/b5/bc60ba5684abbc823d9e1234f9d51c39fc91f97bd3e84568d4e928e29a1f/uv-0.12.15-py3-none-manylinux_2_17_armv7l.manylinux2014_armv7l.musllinux_1_1_armv7l.whl", hash = "sha256:e6bce690fbfdc443f25f49017fd64f802dea1b93681c27a0c4f6269df00f672a", size = 21690645, upload-time = "2026-09-15T12:07:12.574Z" },
    { url = "https://files.pythonhosted.org/packages/ba/32/eabcba8202668559fe267cbba5b8fc756edb9fc4a103b559e8bd3f066849/uv-0.12.15-py3-none-manylinux_2_17_armv7l.manylinux2014_armv7l.whl", hash = "sha256:176533b084f9b5875e7bfa8d4e47ef800683a717d788c584f7ca919c7659383d", size = 21725003, upload-time = "2026-09-15T12:07:14.902Z" },
    { url = "https://files.pythonhosted.org/packages/1e/6f/6d7b8a04b9e3de3a311a4076407601b3e524998aeba1a1619c81531ba0e4/uv-0.12.15-py3-none-manylinux_2_17_i686.manylinux2014_i686.whl", hash = "sha256:f85bf3f58ad624b3427c6e5d9bf47112016c2366b327c7381e3e9a9485bcae92", size = 22430464, upload-time = "2026-09-15T12:07:17.136Z" },
    { url = "https://files.pythonhosted.org/packages/1d/10/18bd9f1821c325bd8c8838b1cf9469d7217263c5f818d9ffc4947867d983/uv-0.12.15-py3-none-manylinux_2_17_ppc64le.manylinux2014_ppc64le.whl", hash = "sha256:45342637678531fe514c8aa0bda19fd98cc3be4c6d589c7bee99f99b74a89979", size = 23810037, upload-time = "2026-09-15T12:07:19.434Z" },
    { url = "https://files.pythonhosted.org/packages/8a/8d/6a24d10442dac28718bcabadccd6d5377a17b033615604f202f48b48f278/uv-0.12.15-py3-none-manylinux_2_17_s390x.manylinux2014_s390x.whl", hash = "sha256:f21620417724c3252922e150e9bcc06aeb7288cc8ab1e103b60f01e7d5160cfc", size = 23413401, upload-time = "2026-09-15T12:07:22.029Z" },
    { url = "https://files.pythonhosted.org/packages/1e/fd/432451d732917c49152a291de3ef171aa6b0f1a22d39780fb2c1f085ca4c/uv-0.12.15-py3-none-manylinux_2_17_x86_64.manylinux2014_x86_64.whl", hash = "sha256:aee9802f46bae436bd91751bb33ddeb379ef1596b5c19df193219d545d244b60", size = 20081404, upload-time = "2026-09-15T12:07:24.324Z" },
    { url = "https://files.pythonhosted.org/packages/e9/3a/52e6f0c159d133b03890b5c54823bdc10163ce6f010515f649e5804b5bba/uv-0.12.15-py3-none-manylinux_2_28_aarch64.whl", hash = "sha256:013e3a5774fb2cc036a9422edc51c8c5273cca011ec04c2817249b8a4a0b0f02", size = 19510133, upload-time = "2026-09-15T12:07:26.737Z" },
    { url = "https://files.pythonhosted.org/packages/f4/09/cdb9dace249645cdc4a7a33d364df7326faca369132b8ee87da0cf2659f7/uv-0.12.15-py3-none-manylinux_2_31_riscv64.musllinux_1_1_riscv64.whl", hash = "sha256:0e5abf7c998da413823d08fe5c5d40fa9c4c7ae3c65291c360b61eb5ae53ed19", size = 22506249, upload-time = "2026-09-15T12:07:29.24Z" },
    { url = "https://files.pythonhosted.org/packages/6c/17/c14d402af704d28d86ebc16ba405a52e1d632537d1839170e979f100f8c6/uv-0.12.15-py3-none-manylinux_2_31_riscv64.whl", hash = "sha256:9a3c6540880a8016952a66817e4773c33900a2b8f10ad464abfe55a6f112cb5b", size = 22627543, upload-time = "2026-09-15T12:07:31.65Z" },
    { url = "https://files.pythonhosted.org/packages/6f/4f/90c0275d97f722c9e19d5ea454144027f31f670303eb00caecbb6b8f0d81/uv-0.12.15-py3-none-musllinux_1_1_i686.whl", hash = "sha256:c8121cd0895e783aae90ae3fc95ba1a9c3e1493792b355ccacfe67233354789c", size = 21566506, upload-time = "2026-09-15T12:07:34.635Z" },
    { url = "https://files.pythonhosted.org/packages/1d/59/390f97099f5bcf2d649869dc37820e08dd60d7824d549297e615846e151b/uv-0.12.15-py3-none-musllinux_1_1_x86_64.whl", hash = "sha256:3984acc938d49e0dc4e3000c63556e306f6d54a9479a85557b4b23625f5fa31d", size = 23065570, upload-time = "2026-09-15T12:07:37.112Z" },
    { url = "https://files.pythonhosted.org/packages/98/83/c2b6ae550db35411a6d17d2364ef8b6ec9ef37e3b031465c1b81f9250a3a/uv-0.12.15-py3-none-win32.whl", hash = "sha256:366556cb4af1c2ffa38bd1740106e320b4ae387fb0ee5758fef646542d39f8b5", size = 19591224, upload-time = "2026-09-15T12:07:39.359Z" },
    { url = "https://files.pythonhosted.org/packages/ac/d8/0b4fdfb56c79a307237295f8a0f7c64a34d5d1e8c090fab0bc1201cab2a8/uv-0.12.15-py3-none-win_amd64.whl", hash = "sha256:39af7d437b6d1f962f11c0b77f891d302ea675a0ebbcfe9792f633d843740a25", size = 17674023, upload-time = "2026-09-15T12:07:41.464Z" },
    { url = "https://files.pythonhosted.org/packages/fa/0b/42464bda69be2673768b6abb52458773c19fe231dd80fa1a69f2e87b3fbe/uv-0.12.15-py3-none-win_arm64.whl", hash = "sha256:2ed8c7fdf466c5c90451d356510fea6850e7cd44e70c59717bc9ecf2ce88a4a2", size = 18975635, upload-time = "2026-09-15T12:07:43.779Z" },
]
